
Microsoft Visual Studio Solution File, Format Version 12.00
# Visual Studio Version 17
VisualStudioVersion = 17.9.34728.123
MinimumVisualStudioVersion = 10.0.40219.1
Project("{9A19103F-16F7-4668-BE54-9A1E7A4F7556}") = "UpdateService", "UpdateService\UpdateService.csproj", "{77817932-BE90-41E1-AFBE-BDD92557D987}"
EndProject
Project("{FAE04EC0-301F-11D3-BF4B-00C04F79EFBC}") = "Bootloader", "Bootloader\Bootloader.csproj", "{1547D51B-0441-4D62-954C-572D8B2B79A5}"
EndProject
Project("{FAE04EC0-301F-11D3-BF4B-00C04F79EFBC}") = "UpdateService.Test", "UpdateService.Test\UpdateService.Test.csproj", "{B05D8718-FD4E-4730-9CC7-24E9BD96B0DE}"
EndProject
Project("{FAE04EC0-301F-11D3-BF4B-00C04F79EFBC}") = "Common", "Common\Common.csproj", "{BFB88BEA-B8A2-4D18-B35C-C82913FEC5AD}"
EndProject
Project("{FAE04EC0-301F-11D3-BF4B-00C04F79EFBC}") = "UpdateStorage", "UpdateStorage\UpdateStorage.csproj", "{5963D196-E02B-4374-996D-4F81206389B7}"
EndProject
Global
	GlobalSection(SolutionConfigurationPlatforms) = preSolution
		Debug|Any CPU = Debug|Any CPU
		Release|Any CPU = Release|Any CPU
	EndGlobalSection
	GlobalSection(ProjectConfigurationPlatforms) = postSolution
		{77817932-BE90-41E1-AFBE-BDD92557D987}.Debug|Any CPU.ActiveCfg = Debug|Any CPU
		{77817932-BE90-41E1-AFBE-BDD92557D987}.Debug|Any CPU.Build.0 = Debug|Any CPU
		{77817932-BE90-41E1-AFBE-BDD92557D987}.Release|Any CPU.ActiveCfg = Release|Any CPU
		{77817932-BE90-41E1-AFBE-BDD92557D987}.Release|Any CPU.Build.0 = Release|Any CPU
		{1547D51B-0441-4D62-954C-572D8B2B79A5}.Debug|Any CPU.ActiveCfg = Debug|Any CPU
		{1547D51B-0441-4D62-954C-572D8B2B79A5}.Debug|Any CPU.Build.0 = Debug|Any CPU
		{1547D51B-0441-4D62-954C-572D8B2B79A5}.Release|Any CPU.ActiveCfg = Release|Any CPU
		{1547D51B-0441-4D62-954C-572D8B2B79A5}.Release|Any CPU.Build.0 = Release|Any CPU
		{B05D8718-FD4E-4730-9CC7-24E9BD96B0DE}.Debug|Any CPU.ActiveCfg = Debug|Any CPU
		{B05D8718-FD4E-4730-9CC7-24E9BD96B0DE}.Debug|Any CPU.Build.0 = Debug|Any CPU
		{B05D8718-FD4E-4730-9CC7-24E9BD96B0DE}.Release|Any CPU.ActiveCfg = Release|Any CPU
		{B05D8718-FD4E-4730-9CC7-24E9BD96B0DE}.Release|Any CPU.Build.0 = Release|Any CPU
		{BFB88BEA-B8A2-4D18-B35C-C82913FEC5AD}.Debug|Any CPU.ActiveCfg = Debug|Any CPU
		{BFB88BEA-B8A2-4D18-B35C-C82913FEC5AD}.Debug|Any CPU.Build.0 = Debug|Any CPU
		{BFB88BEA-B8A2-4D18-B35C-C82913FEC5AD}.Release|Any CPU.ActiveCfg = Release|Any CPU
		{BFB88BEA-B8A2-4D18-B35C-C82913FEC5AD}.Release|Any CPU.Build.0 = Release|Any CPU
		{5963D196-E02B-4374-996D-4F81206389B7}.Debug|Any CPU.ActiveCfg = Debug|Any CPU
		{5963D196-E02B-4374-996D-4F81206389B7}.Debug|Any CPU.Build.0 = Debug|Any CPU
		{5963D196-E02B-4374-996D-4F81206389B7}.Release|Any CPU.ActiveCfg = Release|Any CPU
		{5963D196-E02B-4374-996D-4F81206389B7}.Release|Any CPU.Build.0 = Release|Any CPU
	EndGlobalSection
	GlobalSection(SolutionProperties) = preSolution
		HideSolutionNode = FALSE
	EndGlobalSection
	GlobalSection(ExtensibilityGlobals) = postSolution
		SolutionGuid = {5AA0B2B8-AA53-4FF0-82E2-B7CC488756E9}
	EndGlobalSection
EndGlobal
